// !$*UTF8*$!
{
	archiveVersion = 1;
	classes = {
	};
	objectVersion = 77;
	objects = {

/* Begin PBXBuildFile section */
		040279B42EDD9A73002A49F9 /* Lottie in Frameworks */ = {isa = PBXBuildFile; productRef = 040279B32EDD9A73002A49F9 /* Lottie */; };
		0416C5152EDEE97B00479ED2 /* WidgetKit.framework in Frameworks */ = {isa = PBXBuildFile; fileRef = 0416C4F32EDEE93100479ED2 /* WidgetKit.framework */; };
		0416C5162EDEE97B00479ED2 /* SwiftUI.framework in Frameworks */ = {isa = PBXBuildFile; fileRef = 0416C4F52EDEE93100479ED2 /* SwiftUI.framework */; };
		0416C5212EDEE97C00479ED2 /* LovableeWidgetExtension.appex in Embed Foundation Extensions */ = {isa = PBXBuildFile; fileRef = 0416C5142EDEE97B00479ED2 /* LovableeWidgetExtension.appex */; settings = {ATTRIBUTES = (RemoveHeadersOnCopy, ); }; };
		043558D32EE21FB200DEB12C /* StoreKit.framework in Frameworks */ = {isa = PBXBuildFile; fileRef = 043558D22EE21FB200DEB12C /* StoreKit.framework */; };
/* End PBXBuildFile section */

/* Begin PBXContainerItemProxy section */
		0416C51F2EDEE97C00479ED2 /* PBXContainerItemProxy */ = {
			isa = PBXContainerItemProxy;
			containerPortal = 0459E8C92EDB15AF00AA65E6 /* Project object */;
			proxyType = 1;
			remoteGlobalIDString = 0416C5132EDEE97B00479ED2;
			remoteInfo = LovableeWidgetExtension;
		};
		0459E8DF2EDB15B000AA65E6 /* PBXContainerItemProxy */ = {
			isa = PBXContainerItemProxy;
			containerPortal = 0459E8C92EDB15AF00AA65E6 /* Project object */;
			proxyType = 1;
			remoteGlobalIDString = 0459E8D02EDB15AF00AA65E6;
			remoteInfo = bubba;
		};
		0459E8E92EDB15B000AA65E6 /* PBXContainerItemProxy */ = {
			isa = PBXContainerItemProxy;
			containerPortal = 0459E8C92EDB15AF00AA65E6 /* Project object */;
			proxyType = 1;
			remoteGlobalIDString = 0459E8D02EDB15AF00AA65E6;
			remoteInfo = bubba;
		};
/* End PBXContainerItemProxy section */

/* Begin PBXCopyFilesBuildPhase section */
		0416C50C2EDEE93200479ED2 /* Embed Foundation Extensions */ = {
			isa = PBXCopyFilesBuildPhase;
			buildActionMask = 2147483647;
			dstPath = "";
			dstSubfolderSpec = 13;
			files = (
				0416C5212EDEE97C00479ED2 /* LovableeWidgetExtension.appex in Embed Foundation Extensions */,
			);
			name = "Embed Foundation Extensions";
			runOnlyForDeploymentPostprocessing = 0;
		};
/* End PBXCopyFilesBuildPhase section */

/* Begin PBXFileReference section */
		0416C4F32EDEE93100479ED2 /* WidgetKit.framework */ = {isa = PBXFileReference; lastKnownFileType = wrapper.framework; name = WidgetKit.framework; path = System/Library/Frameworks/WidgetKit.framework; sourceTree = SDKROOT; };
		0416C4F52EDEE93100479ED2 /* SwiftUI.framework */ = {isa = PBXFileReference; lastKnownFileType = wrapper.framework; name = SwiftUI.framework; path = System/Library/Frameworks/SwiftUI.framework; sourceTree = SDKROOT; };
		0416C5142EDEE97B00479ED2 /* LovableeWidgetExtension.appex */ = {isa = PBXFileReference; explicitFileType = "wrapper.app-extension"; includeInIndex = 0; path = LovableeWidgetExtension.appex; sourceTree = BUILT_PRODUCTS_DIR; };
		0416C5312EDEEA7900479ED2 /* LovableeWidgetExtension.entitlements */ = {isa = PBXFileReference; lastKnownFileType = text.plist.entitlements; path = LovableeWidgetExtension.entitlements; sourceTree = "<group>"; };
		043558D22EE21FB200DEB12C /* StoreKit.framework */ = {isa = PBXFileReference; lastKnownFileType = wrapper.framework; name = StoreKit.framework; path = System/Library/Frameworks/StoreKit.framework; sourceTree = SDKROOT; };
		0459E8D12EDB15AF00AA65E6 /* lovablee.app */ = {isa = PBXFileReference; explicitFileType = wrapper.application; includeInIndex = 0; path = lovablee.app; sourceTree = BUILT_PRODUCTS_DIR; };
		0459E8DE2EDB15B000AA65E6 /* lovableeTests.xctest */ = {isa = PBXFileReference; explicitFileType = wrapper.cfbundle; includeInIndex = 0; path = lovableeTests.xctest; sourceTree = BUILT_PRODUCTS_DIR; };
		0459E8E82EDB15B000AA65E6 /* lovableeUITests.xctest */ = {isa = PBXFileReference; explicitFileType = wrapper.cfbundle; includeInIndex = 0; path = lovableeUITests.xctest; sourceTree = BUILT_PRODUCTS_DIR; };
		04E4DA8C2EE22C0200F8D4CB /* Lovablee.storekit */ = {isa = PBXFileReference; lastKnownFileType = text.xml; path = Lovablee.storekit; sourceTree = "<group>"; };
/* End PBXFileReference section */

/* Begin PBXFileSystemSynchronizedBuildFileExceptionSet section */
		0416C5252EDEE97C00479ED2 /* Exceptions for "LovableeWidget" folder in "LovableeWidgetExtension" target */ = {
			isa = PBXFileSystemSynchronizedBuildFileExceptionSet;
			membershipExceptions = (
				Info.plist,
				WidgetDataStore.swift,
			);
			target = 0416C5132EDEE97B00479ED2 /* LovableeWidgetExtension */;
		};
		0416C5302EDEEA5300479ED2 /* Exceptions for "lovablee" folder in "LovableeWidgetExtension" target */ = {
			isa = PBXFileSystemSynchronizedBuildFileExceptionSet;
			membershipExceptions = (
				WidgetDataStore.swift,
			);
			target = 0416C5132EDEE97B00479ED2 /* LovableeWidgetExtension */;
		};
		0459B2B22EDC4ABF001969F1 /* Exceptions for "lovablee" folder in "lovablee" target */ = {
			isa = PBXFileSystemSynchronizedBuildFileExceptionSet;
			membershipExceptions = (
				Info.plist,
			);
			target = 0459E8D02EDB15AF00AA65E6 /* lovablee */;
		};
/* End PBXFileSystemSynchronizedBuildFileExceptionSet section */

/* Begin PBXFileSystemSynchronizedRootGroup section */
		0416C4F72EDEE93100479ED2 /* LovableeWidget */ = {
			isa = PBXFileSystemSynchronizedRootGroup;
			path = LovableeWidget;
			sourceTree = "<group>";
		};
		0416C5172EDEE97B00479ED2 /* LovableeWidget */ = {
			isa = PBXFileSystemSynchronizedRootGroup;
			exceptions = (
				0416C5252EDEE97C00479ED2 /* Exceptions for "LovableeWidget" folder in "LovableeWidgetExtension" target */,
			);
			path = LovableeWidget;
			sourceTree = "<group>";
		};
		0459E8D32EDB15AF00AA65E6 /* lovablee */ = {
			isa = PBXFileSystemSynchronizedRootGroup;
			exceptions = (
				0459B2B22EDC4ABF001969F1 /* Exceptions for "lovablee" folder in "lovablee" target */,
				0416C5302EDEEA5300479ED2 /* Exceptions for "lovablee" folder in "LovableeWidgetExtension" target */,
			);
			path = lovablee;
			sourceTree = "<group>";
		};
		0459E8E12EDB15B000AA65E6 /* lovableeTests */ = {
			isa = PBXFileSystemSynchronizedRootGroup;
			path = lovableeTests;
			sourceTree = "<group>";
		};
		0459E8EB2EDB15B000AA65E6 /* lovableeUITests */ = {
			isa = PBXFileSystemSynchronizedRootGroup;
			path = lovableeUITests;
			sourceTree = "<group>";
		};
/* End PBXFileSystemSynchronizedRootGroup section */

/* Begin PBXFrameworksBuildPhase section */
		0416C5112EDEE97B00479ED2 /* Frameworks */ = {
			isa = PBXFrameworksBuildPhase;
			buildActionMask = 2147483647;
			files = (
				0416C5162EDEE97B00479ED2 /* SwiftUI.framework in Frameworks */,
				0416C5152EDEE97B00479ED2 /* WidgetKit.framework in Frameworks */,
			);
			runOnlyForDeploymentPostprocessing = 0;
		};
		0459E8CE2EDB15AF00AA65E6 /* Frameworks */ = {
			isa = PBXFrameworksBuildPhase;
			buildActionMask = 2147483647;
			files = (
				040279B42EDD9A73002A49F9 /* Lottie in Frameworks */,
				043558D32EE21FB200DEB12C /* StoreKit.framework in Frameworks */,
			);
			runOnlyForDeploymentPostprocessing = 0;
		};
		0459E8DB2EDB15B000AA65E6 /* Frameworks */ = {
			isa = PBXFrameworksBuildPhase;
			buildActionMask = 2147483647;
			files = (
			);
			runOnlyForDeploymentPostprocessing = 0;
		};
		0459E8E52EDB15B000AA65E6 /* Frameworks */ = {
			isa = PBXFrameworksBuildPhase;
			buildActionMask = 2147483647;
			files = (
			);
			runOnlyForDeploymentPostprocessing = 0;
		};
/* End PBXFrameworksBuildPhase section */

/* Begin PBXGroup section */
		040279B22EDD9A73002A49F9 /* Frameworks */ = {
			isa = PBXGroup;
			children = (
				043558D22EE21FB200DEB12C /* StoreKit.framework */,
				0416C4F32EDEE93100479ED2 /* WidgetKit.framework */,
				0416C4F52EDEE93100479ED2 /* SwiftUI.framework */,
			);
			name = Frameworks;
			sourceTree = "<group>";
		};
		0459E8C82EDB15AF00AA65E6 = {
			isa = PBXGroup;
			children = (
				04E4DA8C2EE22C0200F8D4CB /* Lovablee.storekit */,
				0416C5312EDEEA7900479ED2 /* LovableeWidgetExtension.entitlements */,
				0459E8D32EDB15AF00AA65E6 /* lovablee */,
				0459E8E12EDB15B000AA65E6 /* lovableeTests */,
				0459E8EB2EDB15B000AA65E6 /* lovableeUITests */,
				0416C4F72EDEE93100479ED2 /* LovableeWidget */,
				0416C5172EDEE97B00479ED2 /* LovableeWidget */,
				040279B22EDD9A73002A49F9 /* Frameworks */,
				0459E8D22EDB15AF00AA65E6 /* Products */,
			);
			sourceTree = "<group>";
		};
		0459E8D22EDB15AF00AA65E6 /* Products */ = {
			isa = PBXGroup;
			children = (
				0459E8D12EDB15AF00AA65E6 /* lovablee.app */,
				0459E8DE2EDB15B000AA65E6 /* lovableeTests.xctest */,
				0459E8E82EDB15B000AA65E6 /* lovableeUITests.xctest */,
				0416C5142EDEE97B00479ED2 /* LovableeWidgetExtension.appex */,
			);
			name = Products;
			sourceTree = "<group>";
		};
/* End PBXGroup section */

/* Begin PBXNativeTarget section */
		0416C5132EDEE97B00479ED2 /* LovableeWidgetExtension */ = {
			isa = PBXNativeTarget;
			buildConfigurationList = 0416C5222EDEE97C00479ED2 /* Build configuration list for PBXNativeTarget "LovableeWidgetExtension" */;
			buildPhases = (
				0416C5102EDEE97B00479ED2 /* Sources */,
				0416C5112EDEE97B00479ED2 /* Frameworks */,
				0416C5122EDEE97B00479ED2 /* Resources */,
			);
			buildRules = (
			);
			dependencies = (
			);
			fileSystemSynchronizedGroups = (
				0416C5172EDEE97B00479ED2 /* LovableeWidget */,
			);
			name = LovableeWidgetExtension;
			packageProductDependencies = (
			);
			productName = LovableeWidgetExtension;
			productReference = 0416C5142EDEE97B00479ED2 /* LovableeWidgetExtension.appex */;
			productType = "com.apple.product-type.app-extension";
		};
		0459E8D02EDB15AF00AA65E6 /* lovablee */ = {
			isa = PBXNativeTarget;
			buildConfigurationList = 0459E8F22EDB15B000AA65E6 /* Build configuration list for PBXNativeTarget "lovablee" */;
			buildPhases = (
				0459E8CD2EDB15AF00AA65E6 /* Sources */,
				0459E8CE2EDB15AF00AA65E6 /* Frameworks */,
				0459E8CF2EDB15AF00AA65E6 /* Resources */,
				0416C50C2EDEE93200479ED2 /* Embed Foundation Extensions */,
			);
			buildRules = (
			);
			dependencies = (
				0416C5202EDEE97C00479ED2 /* PBXTargetDependency */,
			);
			fileSystemSynchronizedGroups = (
				0459E8D32EDB15AF00AA65E6 /* lovablee */,
			);
			name = lovablee;
			packageProductDependencies = (
				040279B32EDD9A73002A49F9 /* Lottie */,
			);
			productName = bubba;
			productReference = 0459E8D12EDB15AF00AA65E6 /* lovablee.app */;
			productType = "com.apple.product-type.application";
		};
		0459E8DD2EDB15B000AA65E6 /* lovableeTests */ = {
			isa = PBXNativeTarget;
			buildConfigurationList = 0459E8F52EDB15B000AA65E6 /* Build configuration list for PBXNativeTarget "lovableeTests" */;
			buildPhases = (
				0459E8DA2EDB15B000AA65E6 /* Sources */,
				0459E8DB2EDB15B000AA65E6 /* Frameworks */,
				0459E8DC2EDB15B000AA65E6 /* Resources */,
			);
			buildRules = (
			);
			dependencies = (
				0459E8E02EDB15B000AA65E6 /* PBXTargetDependency */,
			);
			fileSystemSynchronizedGroups = (
				0459E8E12EDB15B000AA65E6 /* lovableeTests */,
			);
			name = lovableeTests;
			packageProductDependencies = (
			);
			productName = bubbaTests;
			productReference = 0459E8DE2EDB15B000AA65E6 /* lovableeTests.xctest */;
			productType = "com.apple.product-type.bundle.unit-test";
		};
		0459E8E72EDB15B000AA65E6 /* lovableeUITests */ = {
			isa = PBXNativeTarget;
			buildConfigurationList = 0459E8F82EDB15B000AA65E6 /* Build configuration list for PBXNativeTarget "lovableeUITests" */;
			buildPhases = (
				0459E8E42EDB15B000AA65E6 /* Sources */,
				0459E8E52EDB15B000AA65E6 /* Frameworks */,
				0459E8E62EDB15B000AA65E6 /* Resources */,
			);
			buildRules = (
			);
			dependencies = (
				0459E8EA2EDB15B000AA65E6 /* PBXTargetDependency */,
			);
			fileSystemSynchronizedGroups = (
				0459E8EB2EDB15B000AA65E6 /* lovableeUITests */,
			);
			name = lovableeUITests;
			packageProductDependencies = (
			);
			productName = bubbaUITests;
			productReference = 0459E8E82EDB15B000AA65E6 /* lovableeUITests.xctest */;
			productType = "com.apple.product-type.bundle.ui-testing";
		};
/* End PBXNativeTarget section */

/* Begin PBXProject section */
		0459E8C92EDB15AF00AA65E6 /* Project object */ = {
			isa = PBXProject;
			attributes = {
				BuildIndependentTargetsInParallel = 1;
				LastSwiftUpdateCheck = 2610;
				LastUpgradeCheck = 2610;
				TargetAttributes = {
					0416C5132EDEE97B00479ED2 = {
						CreatedOnToolsVersion = 26.1.1;
					};
					0459E8D02EDB15AF00AA65E6 = {
						CreatedOnToolsVersion = 26.1.1;
					};
					0459E8DD2EDB15B000AA65E6 = {
						CreatedOnToolsVersion = 26.1.1;
						TestTargetID = 0459E8D02EDB15AF00AA65E6;
					};
					0459E8E72EDB15B000AA65E6 = {
						CreatedOnToolsVersion = 26.1.1;
						TestTargetID = 0459E8D02EDB15AF00AA65E6;
					};
				};
			};
			buildConfigurationList = 0459E8CC2EDB15AF00AA65E6 /* Build configuration list for PBXProject "lovablee" */;
			developmentRegion = en;
			hasScannedForEncodings = 0;
			knownRegions = (
				en,
				Base,
			);
			mainGroup = 0459E8C82EDB15AF00AA65E6;
			minimizedProjectReferenceProxies = 1;
			packageReferences = (
				040279B12EDD99E8002A49F9 /* XCRemoteSwiftPackageReference "lottie-ios" */,
			);
			preferredProjectObjectVersion = 77;
			productRefGroup = 0459E8D22EDB15AF00AA65E6 /* Products */;
			projectDirPath = "";
			projectRoot = "";
			targets = (
				0459E8D02EDB15AF00AA65E6 /* lovablee */,
				0459E8DD2EDB15B000AA65E6 /* lovableeTests */,
				0459E8E72EDB15B000AA65E6 /* lovableeUITests */,
				0416C5132EDEE97B00479ED2 /* LovableeWidgetExtension */,
			);
		};
/* End PBXProject section */

/* Begin PBXResourcesBuildPhase section */
		0416C5122EDEE97B00479ED2 /* Resources */ = {
			isa = PBXResourcesBuildPhase;
			buildActionMask = 2147483647;
			files = (
			);
			runOnlyForDeploymentPostprocessing = 0;
		};
		0459E8CF2EDB15AF00AA65E6 /* Resources */ = {
			isa = PBXResourcesBuildPhase;
			buildActionMask = 2147483647;
			files = (
			);
			runOnlyForDeploymentPostprocessing = 0;
		};
		0459E8DC2EDB15B000AA65E6 /* Resources */ = {
			isa = PBXResourcesBuildPhase;
			buildActionMask = 2147483647;
			files = (
			);
			runOnlyForDeploymentPostprocessing = 0;
		};
		0459E8E62EDB15B000AA65E6 /* Resources */ = {
			isa = PBXResourcesBuildPhase;
			buildActionMask = 2147483647;
			files = (
			);
			runOnlyForDeploymentPostprocessing = 0;
		};
/* End PBXResourcesBuildPhase section */

/* Begin PBXSourcesBuildPhase section */
		0416C5102EDEE97B00479ED2 /* Sources */ = {
			isa = PBXSourcesBuildPhase;
			buildActionMask = 2147483647;
			files = (
			);
			runOnlyForDeploymentPostprocessing = 0;
		};
		0459E8CD2EDB15AF00AA65E6 /* Sources */ = {
			isa = PBXSourcesBuildPhase;
			buildActionMask = 2147483647;
			files = (
			);
			runOnlyForDeploymentPostprocessing = 0;
		};
		0459E8DA2EDB15B000AA65E6 /* Sources */ = {
			isa = PBXSourcesBuildPhase;
			buildActionMask = 2147483647;
			files = (
			);
			runOnlyForDeploymentPostprocessing = 0;
		};
		0459E8E42EDB15B000AA65E6 /* Sources */ = {
			isa = PBXSourcesBuildPhase;
			buildActionMask = 2147483647;
			files = (
			);
			runOnlyForDeploymentPostprocessing = 0;
		};
/* End PBXSourcesBuildPhase section */

/* Begin PBXTargetDependency section */
		0416C5202EDEE97C00479ED2 /* PBXTargetDependency */ = {
			isa = PBXTargetDependency;
			target = 0416C5132EDEE97B00479ED2 /* LovableeWidgetExtension */;
			targetProxy = 0416C51F2EDEE97C00479ED2 /* PBXContainerItemProxy */;
		};
		0459E8E02EDB15B000AA65E6 /* PBXTargetDependency */ = {
			isa = PBXTargetDependency;
			target = 0459E8D02EDB15AF00AA65E6 /* lovablee */;
			targetProxy = 0459E8DF2EDB15B000AA65E6 /* PBXContainerItemProxy */;
		};
		0459E8EA2EDB15B000AA65E6 /* PBXTargetDependency */ = {
			isa = PBXTargetDependency;
			target = 0459E8D02EDB15AF00AA65E6 /* lovablee */;
			targetProxy = 0459E8E92EDB15B000AA65E6 /* PBXContainerItemProxy */;
		};
/* End PBXTargetDependency section */

/* Begin XCBuildConfiguration section */
		0416C5232EDEE97C00479ED2 /* Debug */ = {
			isa = XCBuildConfiguration;
			buildSettings = {
				ASSETCATALOG_COMPILER_GLOBAL_ACCENT_COLOR_NAME = AccentColor;
				ASSETCATALOG_COMPILER_WIDGET_BACKGROUND_COLOR_NAME = WidgetBackground;
				CODE_SIGN_ENTITLEMENTS = LovableeWidgetExtension.entitlements;
				CODE_SIGN_STYLE = Automatic;
				CURRENT_PROJECT_VERSION = 1;
				DEVELOPMENT_TEAM = 6XQ6Q4DLD3;
				GENERATE_INFOPLIST_FILE = YES;
				INFOPLIST_FILE = LovableeWidget/Info.plist;
				INFOPLIST_KEY_CFBundleDisplayName = LovableeWidget;
				INFOPLIST_KEY_NSHumanReadableCopyright = "";
				IPHONEOS_DEPLOYMENT_TARGET = 26.0;
				LD_RUNPATH_SEARCH_PATHS = (
					"$(inherited)",
					"@executable_path/Frameworks",
					"@executable_path/../../Frameworks",
				);
				MARKETING_VERSION = 1.0;
				PRODUCT_BUNDLE_IDENTIFIER = com.anthony.lovablee.LovableeWidget;
				PRODUCT_NAME = "$(TARGET_NAME)";
				SDKROOT = iphoneos;
				SKIP_INSTALL = YES;
				STRING_CATALOG_GENERATE_SYMBOLS = YES;
				SWIFT_APPROACHABLE_CONCURRENCY = YES;
				SWIFT_EMIT_LOC_STRINGS = YES;
				SWIFT_UPCOMING_FEATURE_MEMBER_IMPORT_VISIBILITY = YES;
				SWIFT_VERSION = 5.0;
				TARGETED_DEVICE_FAMILY = "1,2";
			};
			name = Debug;
		};
		0416C5242EDEE97C00479ED2 /* Release */ = {
			isa = XCBuildConfiguration;
			buildSettings = {
				ASSETCATALOG_COMPILER_GLOBAL_ACCENT_COLOR_NAME = AccentColor;
				ASSETCATALOG_COMPILER_WIDGET_BACKGROUND_COLOR_NAME = WidgetBackground;
				CODE_SIGN_ENTITLEMENTS = LovableeWidgetExtension.entitlements;
				CODE_SIGN_STYLE = Automatic;
				CURRENT_PROJECT_VERSION = 1;
				DEVELOPMENT_TEAM = 6XQ6Q4DLD3;
				GENERATE_INFOPLIST_FILE = YES;
				INFOPLIST_FILE = LovableeWidget/Info.plist;
				INFOPLIST_KEY_CFBundleDisplayName = LovableeWidget;
				INFOPLIST_KEY_NSHumanReadableCopyright = "";
				IPHONEOS_DEPLOYMENT_TARGET = 26.0;
				LD_RUNPATH_SEARCH_PATHS = (
					"$(inherited)",
					"@executable_path/Frameworks",
					"@executable_path/../../Frameworks",
				);
				MARKETING_VERSION = 1.0;
				PRODUCT_BUNDLE_IDENTIFIER = com.anthony.lovablee.LovableeWidget;
				PRODUCT_NAME = "$(TARGET_NAME)";
				SDKROOT = iphoneos;
				SKIP_INSTALL = YES;
				STRING_CATALOG_GENERATE_SYMBOLS = YES;
				SWIFT_APPROACHABLE_CONCURRENCY = YES;
				SWIFT_EMIT_LOC_STRINGS = YES;
				SWIFT_UPCOMING_FEATURE_MEMBER_IMPORT_VISIBILITY = YES;
				SWIFT_VERSION = 5.0;
				TARGETED_DEVICE_FAMILY = "1,2";
				VALIDATE_PRODUCT = YES;
			};
			name = Release;
		};
		0459E8F02EDB15B000AA65E6 /* Debug */ = {
			isa = XCBuildConfiguration;
			buildSettings = {
				ALWAYS_SEARCH_USER_PATHS = NO;
				ASSETCATALOG_COMPILER_GENERATE_SWIFT_ASSET_SYMBOL_EXTENSIONS = YES;
				CLANG_ANALYZER_NONNULL = YES;
				CLANG_ANALYZER_NUMBER_OBJECT_CONVERSION = YES_AGGRESSIVE;
				CLANG_CXX_LANGUAGE_STANDARD = "gnu++20";
				CLANG_ENABLE_MODULES = YES;
				CLANG_ENABLE_OBJC_ARC = YES;
				CLANG_ENABLE_OBJC_WEAK = YES;
				CLANG_WARN_BLOCK_CAPTURE_AUTORELEASING = YES;
				CLANG_WARN_BOOL_CONVERSION = YES;
				CLANG_WARN_COMMA = YES;
				CLANG_WARN_CONSTANT_CONVERSION = YES;
				CLANG_WARN_DEPRECATED_OBJC_IMPLEMENTATIONS = YES;
				CLANG_WARN_DIRECT_OBJC_ISA_USAGE = YES_ERROR;
				CLANG_WARN_DOCUMENTATION_COMMENTS = YES;
				CLANG_WARN_EMPTY_BODY = YES;
				CLANG_WARN_ENUM_CONVERSION = YES;
				CLANG_WARN_INFINITE_RECURSION = YES;
				CLANG_WARN_INT_CONVERSION = YES;
				CLANG_WARN_NON_LITERAL_NULL_CONVERSION = YES;
				CLANG_WARN_OBJC_IMPLICIT_RETAIN_SELF = YES;
				CLANG_WARN_OBJC_LITERAL_CONVERSION = YES;
				CLANG_WARN_OBJC_ROOT_CLASS = YES_ERROR;
				CLANG_WARN_QUOTED_INCLUDE_IN_FRAMEWORK_HEADER = YES;
				CLANG_WARN_RANGE_LOOP_ANALYSIS = YES;
				CLANG_WARN_STRICT_PROTOTYPES = YES;
				CLANG_WARN_SUSPICIOUS_MOVE = YES;
				CLANG_WARN_UNGUARDED_AVAILABILITY = YES_AGGRESSIVE;
				CLANG_WARN_UNREACHABLE_CODE = YES;
				CLANG_WARN__DUPLICATE_METHOD_MATCH = YES;
				COPY_PHASE_STRIP = NO;
				DEBUG_INFORMATION_FORMAT = dwarf;
				DEVELOPMENT_TEAM = 6XQ6Q4DLD3;
				ENABLE_STRICT_OBJC_MSGSEND = YES;
				ENABLE_TESTABILITY = YES;
				ENABLE_USER_SCRIPT_SANDBOXING = YES;
				GCC_C_LANGUAGE_STANDARD = gnu17;
				GCC_DYNAMIC_NO_PIC = NO;
				GCC_NO_COMMON_BLOCKS = YES;
				GCC_OPTIMIZATION_LEVEL = 0;
				GCC_PREPROCESSOR_DEFINITIONS = (
					"DEBUG=1",
					"$(inherited)",
				);
				GCC_WARN_64_TO_32_BIT_CONVERSION = YES;
				GCC_WARN_ABOUT_RETURN_TYPE = YES_ERROR;
				GCC_WARN_UNDECLARED_SELECTOR = YES;
				GCC_WARN_UNINITIALIZED_AUTOS = YES_AGGRESSIVE;
				GCC_WARN_UNUSED_FUNCTION = YES;
				GCC_WARN_UNUSED_VARIABLE = YES;
				LOCALIZATION_PREFERS_STRING_CATALOGS = YES;
				MTL_ENABLE_DEBUG_INFO = INCLUDE_SOURCE;
				MTL_FAST_MATH = YES;
				ONLY_ACTIVE_ARCH = YES;
				SWIFT_ACTIVE_COMPILATION_CONDITIONS = "DEBUG $(inherited)";
				SWIFT_OPTIMIZATION_LEVEL = "-Onone";
			};
			name = Debug;
		};
		0459E8F12EDB15B000AA65E6 /* Release */ = {
			isa = XCBuildConfiguration;
			buildSettings = {
				ALWAYS_SEARCH_USER_PATHS = NO;
				ASSETCATALOG_COMPILER_GENERATE_SWIFT_ASSET_SYMBOL_EXTENSIONS = YES;
				CLANG_ANALYZER_NONNULL = YES;
				CLANG_ANALYZER_NUMBER_OBJECT_CONVERSION = YES_AGGRESSIVE;
				CLANG_CXX_LANGUAGE_STANDARD = "gnu++20";
				CLANG_ENABLE_MODULES = YES;
				CLANG_ENABLE_OBJC_ARC = YES;
				CLANG_ENABLE_OBJC_WEAK = YES;
				CLANG_WARN_BLOCK_CAPTURE_AUTORELEASING = YES;
				CLANG_WARN_BOOL_CONVERSION = YES;
				CLANG_WARN_COMMA = YES;
				CLANG_WARN_CONSTANT_CONVERSION = YES;
				CLANG_WARN_DEPRECATED_OBJC_IMPLEMENTATIONS = YES;
				CLANG_WARN_DIRECT_OBJC_ISA_USAGE = YES_ERROR;
				CLANG_WARN_DOCUMENTATION_COMMENTS = YES;
				CLANG_WARN_EMPTY_BODY = YES;
				CLANG_WARN_ENUM_CONVERSION = YES;
				CLANG_WARN_INFINITE_RECURSION = YES;
				CLANG_WARN_INT_CONVERSION = YES;
				CLANG_WARN_NON_LITERAL_NULL_CONVERSION = YES;
				CLANG_WARN_OBJC_IMPLICIT_RETAIN_SELF = YES;
				CLANG_WARN_OBJC_LITERAL_CONVERSION = YES;
				CLANG_WARN_OBJC_ROOT_CLASS = YES_ERROR;
				CLANG_WARN_QUOTED_INCLUDE_IN_FRAMEWORK_HEADER = YES;
				CLANG_WARN_RANGE_LOOP_ANALYSIS = YES;
				CLANG_WARN_STRICT_PROTOTYPES = YES;
				CLANG_WARN_SUSPICIOUS_MOVE = YES;
				CLANG_WARN_UNGUARDED_AVAILABILITY = YES_AGGRESSIVE;
				CLANG_WARN_UNREACHABLE_CODE = YES;
				CLANG_WARN__DUPLICATE_METHOD_MATCH = YES;
				COPY_PHASE_STRIP = NO;
				DEBUG_INFORMATION_FORMAT = "dwarf-with-dsym";
				DEVELOPMENT_TEAM = 6XQ6Q4DLD3;
				ENABLE_NS_ASSERTIONS = NO;
				ENABLE_STRICT_OBJC_MSGSEND = YES;
				ENABLE_USER_SCRIPT_SANDBOXING = YES;
				GCC_C_LANGUAGE_STANDARD = gnu17;
				GCC_NO_COMMON_BLOCKS = YES;
				GCC_WARN_64_TO_32_BIT_CONVERSION = YES;
				GCC_WARN_ABOUT_RETURN_TYPE = YES_ERROR;
				GCC_WARN_UNDECLARED_SELECTOR = YES;
				GCC_WARN_UNINITIALIZED_AUTOS = YES_AGGRESSIVE;
				GCC_WARN_UNUSED_FUNCTION = YES;
				GCC_WARN_UNUSED_VARIABLE = YES;
				LOCALIZATION_PREFERS_STRING_CATALOGS = YES;
				MTL_ENABLE_DEBUG_INFO = NO;
				MTL_FAST_MATH = YES;
				SWIFT_COMPILATION_MODE = wholemodule;
			};
			name = Release;
		};
		0459E8F32EDB15B000AA65E6 /* Debug */ = {
			isa = XCBuildConfiguration;
			buildSettings = {
				ASSETCATALOG_COMPILER_APPICON_NAME = AppIcon;
				ASSETCATALOG_COMPILER_GLOBAL_ACCENT_COLOR_NAME = AccentColor;
				CODE_SIGN_ENTITLEMENTS = lovablee/lovablee.entitlements;
				CODE_SIGN_STYLE = Automatic;
				CURRENT_PROJECT_VERSION = 1;
				DEVELOPMENT_TEAM = 6XQ6Q4DLD3;
				ENABLE_APP_SANDBOX = YES;
				ENABLE_HARDENED_RUNTIME = YES;
				ENABLE_PREVIEWS = YES;
				ENABLE_USER_SELECTED_FILES = readonly;
				GENERATE_INFOPLIST_FILE = YES;
				INFOPLIST_FILE = lovablee/Info.plist;
				INFOPLIST_KEY_CFBundleDisplayName = lovablee;
				INFOPLIST_KEY_LSApplicationCategoryType = "public.app-category.lifestyle";
				"INFOPLIST_KEY_UIApplicationSceneManifest_Generation[sdk=iphoneos*]" = YES;
				"INFOPLIST_KEY_UIApplicationSceneManifest_Generation[sdk=iphonesimulator*]" = YES;
				"INFOPLIST_KEY_UIApplicationSupportsIndirectInputEvents[sdk=iphoneos*]" = YES;
				"INFOPLIST_KEY_UIApplicationSupportsIndirectInputEvents[sdk=iphonesimulator*]" = YES;
				"INFOPLIST_KEY_UILaunchScreen_Generation[sdk=iphoneos*]" = YES;
				"INFOPLIST_KEY_UILaunchScreen_Generation[sdk=iphonesimulator*]" = YES;
				INFOPLIST_KEY_UIRequiresFullScreen = YES;
				"INFOPLIST_KEY_UIStatusBarStyle[sdk=iphoneos*]" = UIStatusBarStyleDefault;
				"INFOPLIST_KEY_UIStatusBarStyle[sdk=iphonesimulator*]" = UIStatusBarStyleDefault;
				INFOPLIST_KEY_UISupportedInterfaceOrientations = UIInterfaceOrientationPortrait;
				IPHONEOS_DEPLOYMENT_TARGET = 17.6;
				LD_RUNPATH_SEARCH_PATHS = "@executable_path/Frameworks";
				"LD_RUNPATH_SEARCH_PATHS[sdk=macosx*]" = "@executable_path/../Frameworks";
				MACOSX_DEPLOYMENT_TARGET = 26.1;
				MARKETING_VERSION = 1.0;
				PRODUCT_BUNDLE_IDENTIFIER = com.anthony.lovablee;
				PRODUCT_NAME = "$(TARGET_NAME)";
				REGISTER_APP_GROUPS = YES;
				SDKROOT = auto;
				STRING_CATALOG_GENERATE_SYMBOLS = YES;
				SUPPORTED_PLATFORMS = "iphoneos iphonesimulator";
				SUPPORTS_MACCATALYST = NO;
				SWIFT_APPROACHABLE_CONCURRENCY = YES;
				SWIFT_DEFAULT_ACTOR_ISOLATION = MainActor;
				SWIFT_EMIT_LOC_STRINGS = YES;
				SWIFT_UPCOMING_FEATURE_MEMBER_IMPORT_VISIBILITY = YES;
				SWIFT_VERSION = 5.0;
				TARGETED_DEVICE_FAMILY = "1,2";
				XROS_DEPLOYMENT_TARGET = 26.1;
			};
			name = Debug;
		};
		0459E8F42EDB15B000AA65E6 /* Release */ = {
			isa = XCBuildConfiguration;
			buildSettings = {
				ASSETCATALOG_COMPILER_APPICON_NAME = AppIcon;
				ASSETCATALOG_COMPILER_GLOBAL_ACCENT_COLOR_NAME = AccentColor;
				CODE_SIGN_ENTITLEMENTS = lovablee/lovablee.entitlements;
				CODE_SIGN_STYLE = Automatic;
				CURRENT_PROJECT_VERSION = 1;
				DEVELOPMENT_TEAM = 6XQ6Q4DLD3;
				ENABLE_APP_SANDBOX = YES;
				ENABLE_HARDENED_RUNTIME = YES;
				ENABLE_PREVIEWS = YES;
				ENABLE_USER_SELECTED_FILES = readonly;
				GENERATE_INFOPLIST_FILE = YES;
				INFOPLIST_FILE = lovablee/Info.plist;
				INFOPLIST_KEY_CFBundleDisplayName = lovablee;
				INFOPLIST_KEY_LSApplicationCategoryType = "public.app-category.lifestyle";
				"INFOPLIST_KEY_UIApplicationSceneManifest_Generation[sdk=iphoneos*]" = YES;
				"INFOPLIST_KEY_UIApplicationSceneManifest_Generation[sdk=iphonesimulator*]" = YES;
				"INFOPLIST_KEY_UIApplicationSupportsIndirectInputEvents[sdk=iphoneos*]" = YES;
				"INFOPLIST_KEY_UIApplicationSupportsIndirectInputEvents[sdk=iphonesimulator*]" = YES;
				"INFOPLIST_KEY_UILaunchScreen_Generation[sdk=iphoneos*]" = YES;
				"INFOPLIST_KEY_UILaunchScreen_Generation[sdk=iphonesimulator*]" = YES;
				INFOPLIST_KEY_UIRequiresFullScreen = YES;
				"INFOPLIST_KEY_UIStatusBarStyle[sdk=iphoneos*]" = UIStatusBarStyleDefault;
				"INFOPLIST_KEY_UIStatusBarStyle[sdk=iphonesimulator*]" = UIStatusBarStyleDefault;
				INFOPLIST_KEY_UISupportedInterfaceOrientations = UIInterfaceOrientationPortrait;
				IPHONEOS_DEPLOYMENT_TARGET = 17.6;
				LD_RUNPATH_SEARCH_PATHS = "@executable_path/Frameworks";
				"LD_RUNPATH_SEARCH_PATHS[sdk=macosx*]" = "@executable_path/../Frameworks";
				MACOSX_DEPLOYMENT_TARGET = 26.1;
				MARKETING_VERSION = 1.0;
				PRODUCT_BUNDLE_IDENTIFIER = com.anthony.lovablee;
				PRODUCT_NAME = "$(TARGET_NAME)";
				REGISTER_APP_GROUPS = YES;
				SDKROOT = auto;
				STRING_CATALOG_GENERATE_SYMBOLS = YES;
				SUPPORTED_PLATFORMS = "iphoneos iphonesimulator";
				SUPPORTS_MACCATALYST = NO;
				SWIFT_APPROACHABLE_CONCURRENCY = YES;
				SWIFT_DEFAULT_ACTOR_ISOLATION = MainActor;
				SWIFT_EMIT_LOC_STRINGS = YES;
				SWIFT_UPCOMING_FEATURE_MEMBER_IMPORT_VISIBILITY = YES;
				SWIFT_VERSION = 5.0;
				TARGETED_DEVICE_FAMILY = "1,2";
				XROS_DEPLOYMENT_TARGET = 26.1;
			};
			name = Release;
		};
		0459E8F62EDB15B000AA65E6 /* Debug */ = {
			isa = XCBuildConfiguration;
			buildSettings = {
				BUNDLE_LOADER = "$(TEST_HOST)";
				CODE_SIGN_STYLE = Automatic;
				CURRENT_PROJECT_VERSION = 1;
				DEVELOPMENT_TEAM = 6XQ6Q4DLD3;
				GENERATE_INFOPLIST_FILE = YES;
				IPHONEOS_DEPLOYMENT_TARGET = 26.1;
				MACOSX_DEPLOYMENT_TARGET = 26.1;
				MARKETING_VERSION = 1.0;
				PRODUCT_BUNDLE_IDENTIFIER = com.anthony.bubbaTests;
				PRODUCT_NAME = "$(TARGET_NAME)";
				SDKROOT = auto;
				STRING_CATALOG_GENERATE_SYMBOLS = NO;
				SUPPORTED_PLATFORMS = "iphoneos iphonesimulator macosx xros xrsimulator";
				SWIFT_APPROACHABLE_CONCURRENCY = YES;
				SWIFT_EMIT_LOC_STRINGS = NO;
				SWIFT_UPCOMING_FEATURE_MEMBER_IMPORT_VISIBILITY = YES;
				SWIFT_VERSION = 5.0;
				TARGETED_DEVICE_FAMILY = "1,2,7";
				TEST_HOST = "$(BUILT_PRODUCTS_DIR)/lovablee.app/$(BUNDLE_EXECUTABLE_FOLDER_PATH)/lovablee";
				XROS_DEPLOYMENT_TARGET = 26.1;
			};
			name = Debug;
		};
		0459E8F72EDB15B000AA65E6 /* Release */ = {
			isa = XCBuildConfiguration;
			buildSettings = {
				BUNDLE_LOADER = "$(TEST_HOST)";
				CODE_SIGN_STYLE = Automatic;
				CURRENT_PROJECT_VERSION = 1;
				DEVELOPMENT_TEAM = 6XQ6Q4DLD3;
				GENERATE_INFOPLIST_FILE = YES;
				IPHONEOS_DEPLOYMENT_TARGET = 26.1;
				MACOSX_DEPLOYMENT_TARGET = 26.1;
				MARKETING_VERSION = 1.0;
				PRODUCT_BUNDLE_IDENTIFIER = com.anthony.bubbaTests;
				PRODUCT_NAME = "$(TARGET_NAME)";
				SDKROOT = auto;
				STRING_CATALOG_GENERATE_SYMBOLS = NO;
				SUPPORTED_PLATFORMS = "iphoneos iphonesimulator macosx xros xrsimulator";
				SWIFT_APPROACHABLE_CONCURRENCY = YES;
				SWIFT_EMIT_LOC_STRINGS = NO;
				SWIFT_UPCOMING_FEATURE_MEMBER_IMPORT_VISIBILITY = YES;
				SWIFT_VERSION = 5.0;
				TARGETED_DEVICE_FAMILY = "1,2,7";
				TEST_HOST = "$(BUILT_PRODUCTS_DIR)/lovablee.app/$(BUNDLE_EXECUTABLE_FOLDER_PATH)/lovablee";
				XROS_DEPLOYMENT_TARGET = 26.1;
			};
			name = Release;
		};
		0459E8F92EDB15B000AA65E6 /* Debug */ = {
			isa = XCBuildConfiguration;
			buildSettings = {
				CODE_SIGN_STYLE = Automatic;
				CURRENT_PROJECT_VERSION = 1;
				DEVELOPMENT_TEAM = 6XQ6Q4DLD3;
				GENERATE_INFOPLIST_FILE = YES;
				IPHONEOS_DEPLOYMENT_TARGET = 26.1;
				MACOSX_DEPLOYMENT_TARGET = 26.1;
				MARKETING_VERSION = 1.0;
				PRODUCT_BUNDLE_IDENTIFIER = com.anthony.bubbaUITests;
				PRODUCT_NAME = "$(TARGET_NAME)";
				SDKROOT = auto;
				STRING_CATALOG_GENERATE_SYMBOLS = NO;
				SUPPORTED_PLATFORMS = "iphoneos iphonesimulator macosx xros xrsimulator";
				SWIFT_APPROACHABLE_CONCURRENCY = YES;
				SWIFT_EMIT_LOC_STRINGS = NO;
				SWIFT_UPCOMING_FEATURE_MEMBER_IMPORT_VISIBILITY = YES;
				SWIFT_VERSION = 5.0;
				TARGETED_DEVICE_FAMILY = "1,2,7";
				TEST_TARGET_NAME = bubba;
				XROS_DEPLOYMENT_TARGET = 26.1;
			};
			name = Debug;
		};
		0459E8FA2EDB15B000AA65E6 /* Release */ = {
			isa = XCBuildConfiguration;
			buildSettings = {
				CODE_SIGN_STYLE = Automatic;
				CURRENT_PROJECT_VERSION = 1;
				DEVELOPMENT_TEAM = 6XQ6Q4DLD3;
				GENERATE_INFOPLIST_FILE = YES;
				IPHONEOS_DEPLOYMENT_TARGET = 26.1;
				MACOSX_DEPLOYMENT_TARGET = 26.1;
				MARKETING_VERSION = 1.0;
				PRODUCT_BUNDLE_IDENTIFIER = com.anthony.bubbaUITests;
				PRODUCT_NAME = "$(TARGET_NAME)";
				SDKROOT = auto;
				STRING_CATALOG_GENERATE_SYMBOLS = NO;
				SUPPORTED_PLATFORMS = "iphoneos iphonesimulator macosx xros xrsimulator";
				SWIFT_APPROACHABLE_CONCURRENCY = YES;
				SWIFT_EMIT_LOC_STRINGS = NO;
				SWIFT_UPCOMING_FEATURE_MEMBER_IMPORT_VISIBILITY = YES;
				SWIFT_VERSION = 5.0;
				TARGETED_DEVICE_FAMILY = "1,2,7";
				TEST_TARGET_NAME = bubba;
				XROS_DEPLOYMENT_TARGET = 26.1;
			};
			name = Release;
		};
/* End XCBuildConfiguration section */

/* Begin XCConfigurationList section */
		0416C5222EDEE97C00479ED2 /* Build configuration list for PBXNativeTarget "LovableeWidgetExtension" */ = {
			isa = XCConfigurationList;
			buildConfigurations = (
				0416C5232EDEE97C00479ED2 /* Debug */,
				0416C5242EDEE97C00479ED2 /* Release */,
			);
			defaultConfigurationIsVisible = 0;
			defaultConfigurationName = Release;
		};
		0459E8CC2EDB15AF00AA65E6 /* Build configuration list for PBXProject "lovablee" */ = {
			isa = XCConfigurationList;
			buildConfigurations = (
				0459E8F02EDB15B000AA65E6 /* Debug */,
				0459E8F12EDB15B000AA65E6 /* Release */,
			);
			defaultConfigurationIsVisible = 0;
			defaultConfigurationName = Release;
		};
		0459E8F22EDB15B000AA65E6 /* Build configuration list for PBXNativeTarget "lovablee" */ = {
			isa = XCConfigurationList;
			buildConfigurations = (
				0459E8F32EDB15B000AA65E6 /* Debug */,
				0459E8F42EDB15B000AA65E6 /* Release */,
			);
			defaultConfigurationIsVisible = 0;
			defaultConfigurationName = Release;
		};
		0459E8F52EDB15B000AA65E6 /* Build configuration list for PBXNativeTarget "lovableeTests" */ = {
			isa = XCConfigurationList;
			buildConfigurations = (
				0459E8F62EDB15B000AA65E6 /* Debug */,
				0459E8F72EDB15B000AA65E6 /* Release */,
			);
			defaultConfigurationIsVisible = 0;
			defaultConfigurationName = Release;
		};
		0459E8F82EDB15B000AA65E6 /* Build configuration list for PBXNativeTarget "lovableeUITests" */ = {
			isa = XCConfigurationList;
			buildConfigurations = (
				0459E8F92EDB15B000AA65E6 /* Debug */,
				0459E8FA2EDB15B000AA65E6 /* Release */,
			);
			defaultConfigurationIsVisible = 0;
			defaultConfigurationName = Release;
		};
/* End XCConfigurationList section */

/* Begin XCRemoteSwiftPackageReference section */
		040279B12EDD99E8002A49F9 /* XCRemoteSwiftPackageReference "lottie-ios" */ = {
			isa = XCRemoteSwiftPackageReference;
			repositoryURL = "https://github.com/airbnb/lottie-ios.git";
			requirement = {
				kind = upToNextMajorVersion;
				minimumVersion = 4.5.2;
			};
		};
/* End XCRemoteSwiftPackageReference section */

/* Begin XCSwiftPackageProductDependency section */
		040279B32EDD9A73002A49F9 /* Lottie */ = {
			isa = XCSwiftPackageProductDependency;
			package = 040279B12EDD99E8002A49F9 /* XCRemoteSwiftPackageReference "lottie-ios" */;
			productName = Lottie;
		};
/* End XCSwiftPackageProductDependency section */
	};
	rootObject = 0459E8C92EDB15AF00AA65E6 /* Project object */;
}
